
Microsoft Visual Studio Solution File, Format Version 12.00
# Visual Studio 2013
VisualStudioVersion = 12.0.40629.0
MinimumVisualStudioVersion = 10.0.40219.1
Project("{FAE04EC0-301F-11D3-BF4B-00C04F79EFBC}") = "MohunkyTimer.Droid", "MohunkyTimer\MohunkyTimer.Droid\MohunkyTimer.Droid.csproj", "{8776EEEC-02C5-42DC-86EE-405CE9F8C7C9}"
EndProject
Project("{FAE04EC0-301F-11D3-BF4B-00C04F79EFBC}") = "MohunkyTimer.iOS", "MohunkyTimer\MohunkyTimer.iOS\MohunkyTimer.iOS.csproj", "{90603118-52A7-43E5-8167-D36029655B3E}"
EndProject
Project("{D954291E-2A0B-460D-934E-DC6B0785DB48}") = "MohunkyTimer", "MohunkyTimer\MohunkyTimer\MohunkyTimer.shproj", "{1A7B6ED9-8C8B-4036-B4E2-FF231FE27C64}"
EndProject
Global
	GlobalSection(SharedMSBuildProjectFiles) = preSolution
		MohunkyTimer\MohunkyTimer\MohunkyTimer.projitems*{8776eeec-02c5-42dc-86ee-405ce9f8c7c9}*SharedItemsImports = 4
		MohunkyTimer\MohunkyTimer\MohunkyTimer.projitems*{90603118-52a7-43e5-8167-d36029655b3e}*SharedItemsImports = 4
		MohunkyTimer\MohunkyTimer\MohunkyTimer.projitems*{1a7b6ed9-8c8b-4036-b4e2-ff231fe27c64}*SharedItemsImports = 13
	EndGlobalSection
	GlobalSection(SolutionConfigurationPlatforms) = preSolution
		Debug|Any CPU = Debug|Any CPU
		Debug|iPhone = Debug|iPhone
		Debug|iPhoneSimulator = Debug|iPhoneSimulator
		Debug|Mixed Platforms = Debug|Mixed Platforms
		Release|Any CPU = Release|Any CPU
		Release|iPhone = Release|iPhone
		Release|iPhoneSimulator = Release|iPhoneSimulator
		Release|Mixed Platforms = Release|Mixed Platforms
	EndGlobalSection
	GlobalSection(ProjectConfigurationPlatforms) = postSolution
		{8776EEEC-02C5-42DC-86EE-405CE9F8C7C9}.Debug|Any CPU.ActiveCfg = Debug|Any CPU
		{8776EEEC-02C5-42DC-86EE-405CE9F8C7C9}.Debug|Any CPU.Build.0 = Debug|Any CPU
		{8776EEEC-02C5-42DC-86EE-405CE9F8C7C9}.Debug|Any CPU.Deploy.0 = Debug|Any CPU
		{8776EEEC-02C5-42DC-86EE-405CE9F8C7C9}.Debug|iPhone.ActiveCfg = Debug|Any CPU
		{8776EEEC-02C5-42DC-86EE-405CE9F8C7C9}.Debug|iPhoneSimulator.ActiveCfg = Debug|Any CPU
		{8776EEEC-02C5-42DC-86EE-405CE9F8C7C9}.Debug|Mixed Platforms.ActiveCfg = Debug|Any CPU
		{8776EEEC-02C5-42DC-86EE-405CE9F8C7C9}.Debug|Mixed Platforms.Build.0 = Debug|Any CPU
		{8776EEEC-02C5-42DC-86EE-405CE9F8C7C9}.Debug|Mixed Platforms.Deploy.0 = Debug|Any CPU
		{8776EEEC-02C5-42DC-86EE-405CE9F8C7C9}.Release|Any CPU.ActiveCfg = Release|Any CPU
		{8776EEEC-02C5-42DC-86EE-405CE9F8C7C9}.Release|Any CPU.Build.0 = Release|Any CPU
		{8776EEEC-02C5-42DC-86EE-405CE9F8C7C9}.Release|Any CPU.Deploy.0 = Release|Any CPU
		{8776EEEC-02C5-42DC-86EE-405CE9F8C7C9}.Release|iPhone.ActiveCfg = Release|Any CPU
		{8776EEEC-02C5-42DC-86EE-405CE9F8C7C9}.Release|iPhoneSimulator.ActiveCfg = Release|Any CPU
		{8776EEEC-02C5-42DC-86EE-405CE9F8C7C9}.Release|Mixed Platforms.ActiveCfg = Release|Any CPU
		{8776EEEC-02C5-42DC-86EE-405CE9F8C7C9}.Release|Mixed Platforms.Build.0 = Release|Any CPU
		{8776EEEC-02C5-42DC-86EE-405CE9F8C7C9}.Release|Mixed Platforms.Deploy.0 = Release|Any CPU
		{90603118-52A7-43E5-8167-D36029655B3E}.Debug|Any CPU.ActiveCfg = Debug|iPhone
		{90603118-52A7-43E5-8167-D36029655B3E}.Debug|iPhone.ActiveCfg = Debug|iPhone
		{90603118-52A7-43E5-8167-D36029655B3E}.Debug|iPhone.Build.0 = Debug|iPhone
		{90603118-52A7-43E5-8167-D36029655B3E}.Debug|iPhoneSimulator.ActiveCfg = Debug|iPhoneSimulator
		{90603118-52A7-43E5-8167-D36029655B3E}.Debug|iPhoneSimulator.Build.0 = Debug|iPhoneSimulator
		{90603118-52A7-43E5-8167-D36029655B3E}.Debug|Mixed Platforms.ActiveCfg = Debug|iPhone
		{90603118-52A7-43E5-8167-D36029655B3E}.Debug|Mixed Platforms.Build.0 = Debug|iPhone
		{90603118-52A7-43E5-8167-D36029655B3E}.Release|Any CPU.ActiveCfg = Release|iPhone
		{90603118-52A7-43E5-8167-D36029655B3E}.Release|iPhone.ActiveCfg = Release|iPhone
		{90603118-52A7-43E5-8167-D36029655B3E}.Release|iPhone.Build.0 = Release|iPhone
		{90603118-52A7-43E5-8167-D36029655B3E}.Release|iPhoneSimulator.ActiveCfg = Release|iPhoneSimulator
		{90603118-52A7-43E5-8167-D36029655B3E}.Release|iPhoneSimulator.Build.0 = Release|iPhoneSimulator
		{90603118-52A7-43E5-8167-D36029655B3E}.Release|Mixed Platforms.ActiveCfg = Release|iPhone
		{90603118-52A7-43E5-8167-D36029655B3E}.Release|Mixed Platforms.Build.0 = Release|iPhone
	EndGlobalSection
	GlobalSection(SolutionProperties) = preSolution
		HideSolutionNode = FALSE
	EndGlobalSection
EndGlobal
